
Microsoft Visual Studio Solution File, Format Version 12.00
# Visual Studio 15
VisualStudioVersion = 15.0.28010.2041
MinimumVisualStudioVersion = 10.0.40219.1
Project("{9A19103F-16F7-4668-BE54-9A1E7A4F7556}") = "webApi", "webApi\webApi.csproj", "{0948A7D7-F18D-4B9F-A377-20B1012CED88}"
EndProject
Project("{9A19103F-16F7-4668-BE54-9A1E7A4F7556}") = "UnitTestWebApi", "UnitTestWebApi\UnitTestWebApi.csproj", "{2487173E-6FCC-4550-A930-E79B55D20FEE}"
EndProject
Project("{FAE04EC0-301F-11D3-BF4B-00C04F79EFBC}") = "UnitTestSelenium", "UnitTestSelenium\UnitTestSelenium.csproj", "{2089B8F1-A0B8-4E3D-BAEC-6DAA716C20BD}"
EndProject
Global
	GlobalSection(SolutionConfigurationPlatforms) = preSolution
		Debug|Any CPU = Debug|Any CPU
		Release|Any CPU = Release|Any CPU
	EndGlobalSection
	GlobalSection(ProjectConfigurationPlatforms) = postSolution
		{0948A7D7-F18D-4B9F-A377-20B1012CED88}.Debug|Any CPU.ActiveCfg = Debug|Any CPU
		{0948A7D7-F18D-4B9F-A377-20B1012CED88}.Debug|Any CPU.Build.0 = Debug|Any CPU
		{0948A7D7-F18D-4B9F-A377-20B1012CED88}.Release|Any CPU.ActiveCfg = Release|Any CPU
		{0948A7D7-F18D-4B9F-A377-20B1012CED88}.Release|Any CPU.Build.0 = Release|Any CPU
		{2487173E-6FCC-4550-A930-E79B55D20FEE}.Debug|Any CPU.ActiveCfg = Debug|Any CPU
		{2487173E-6FCC-4550-A930-E79B55D20FEE}.Debug|Any CPU.Build.0 = Debug|Any CPU
		{2487173E-6FCC-4550-A930-E79B55D20FEE}.Release|Any CPU.ActiveCfg = Release|Any CPU
		{2487173E-6FCC-4550-A930-E79B55D20FEE}.Release|Any CPU.Build.0 = Release|Any CPU
		{2089B8F1-A0B8-4E3D-BAEC-6DAA716C20BD}.Debug|Any CPU.ActiveCfg = Debug|Any CPU
		{2089B8F1-A0B8-4E3D-BAEC-6DAA716C20BD}.Debug|Any CPU.Build.0 = Debug|Any CPU
		{2089B8F1-A0B8-4E3D-BAEC-6DAA716C20BD}.Release|Any CPU.ActiveCfg = Release|Any CPU
		{2089B8F1-A0B8-4E3D-BAEC-6DAA716C20BD}.Release|Any CPU.Build.0 = Release|Any CPU
	EndGlobalSection
	GlobalSection(SolutionProperties) = preSolution
		HideSolutionNode = FALSE
	EndGlobalSection
	GlobalSection(ExtensibilityGlobals) = postSolution
		SolutionGuid = {8551D886-CE11-434F-A667-77D7E82C08BA}
	EndGlobalSection
EndGlobal
